
Microsoft Visual Studio Solution File, Format Version 12.00
# Visual Studio Version 17
VisualStudioVersion = 17.9.34728.123
MinimumVisualStudioVersion = 10.0.40219.1
Project("{FAE04EC0-301F-11D3-BF4B-00C04F79EFBC}") = "CptureWinApp", "CptureWinApp.csproj", "{4423A0B2-5818-41D3-9F8C-5C7C4673B9CD}"
EndProject
Global
	GlobalSection(SolutionConfigurationPlatforms) = preSolution
		Debug|Any CPU = Debug|Any CPU
		Release|Any CPU = Release|Any CPU
	EndGlobalSection
	GlobalSection(ProjectConfigurationPlatforms) = postSolution
		{4423A0B2-5818-41D3-9F8C-5C7C4673B9CD}.Debug|Any CPU.ActiveCfg = Debug|Any CPU
		{4423A0B2-5818-41D3-9F8C-5C7C4673B9CD}.Debug|Any CPU.Build.0 = Debug|Any CPU
		{4423A0B2-5818-41D3-9F8C-5C7C4673B9CD}.Release|Any CPU.ActiveCfg = Release|Any CPU
		{4423A0B2-5818-41D3-9F8C-5C7C4673B9CD}.Release|Any CPU.Build.0 = Release|Any CPU
	EndGlobalSection
	GlobalSection(SolutionProperties) = preSolution
		HideSolutionNode = FALSE
	EndGlobalSection
	GlobalSection(ExtensibilityGlobals) = postSolution
		SolutionGuid = {48A9AEF1-86C6-4355-81B1-DA49ACAB0C2D}
	EndGlobalSection
EndGlobal
